// !$*UTF8*$!
{
	archiveVersion = 1;
	classes = {
	};
	objectVersion = 50;
	objects = {

/* Begin PBXBuildFile section */
		527FC5F524924338004D7087 /* AppDelegate.swift in Sources */ = {isa = PBXBuildFile; fileRef = 527FC5F424924338004D7087 /* AppDelegate.swift */; };
		527FC5F724924338004D7087 /* SceneDelegate.swift in Sources */ = {isa = PBXBuildFile; fileRef = 527FC5F624924338004D7087 /* SceneDelegate.swift */; };
		527FC5F924924338004D7087 /* ViewController.swift in Sources */ = {isa = PBXBuildFile; fileRef = 527FC5F824924338004D7087 /* ViewController.swift */; };
		527FC5FC24924338004D7087 /* Main.storyboard in Resources */ = {isa = PBXBuildFile; fileRef = 527FC5FA24924338004D7087 /* Main.storyboard */; };
		527FC5FE24924338004D7087 /* Assets.xcassets in Resources */ = {isa = PBXBuildFile; fileRef = 527FC5FD24924338004D7087 /* Assets.xcassets */; };
		527FC60124924338004D7087 /* LaunchScreen.storyboard in Resources */ = {isa = PBXBuildFile; fileRef = 527FC5FF24924338004D7087 /* LaunchScreen.storyboard */; };
		6A67799C275AFC8E001D020D /* EditViewController.swift in Sources */ = {isa = PBXBuildFile; fileRef = 6A67799B275AFC8E001D020D /* EditViewController.swift */; };
/* End PBXBuildFile section */

/* Begin PBXFileReference section */
		527FC5F124924337004D7087 /* SimpleDrawingApp.app */ = {isa = PBXFileReference; explicitFileType = wrapper.application; includeInIndex = 0; path = SimpleDrawingApp.app; sourceTree = BUILT_PRODUCTS_DIR; };
		527FC5F424924338004D7087 /* AppDelegate.swift */ = {isa = PBXFileReference; lastKnownFileType = sourcecode.swift; path = AppDelegate.swift; sourceTree = "<group>"; };
		527FC5F624924338004D7087 /* SceneDelegate.swift */ = {isa = PBXFileReference; lastKnownFileType = sourcecode.swift; path = SceneDelegate.swift; sourceTree = "<group>"; };
		527FC5F824924338004D7087 /* ViewController.swift */ = {isa = PBXFileReference; lastKnownFileType = sourcecode.swift; path = ViewController.swift; sourceTree = "<group>"; };
		527FC5FB24924338004D7087 /* Base */ = {isa = PBXFileReference; lastKnownFileType = file.storyboard; name = Base; path = Base.lproj/Main.storyboard; sourceTree = "<group>"; };
		527FC5FD24924338004D7087 /* Assets.xcassets */ = {isa = PBXFileReference; lastKnownFileType = folder.assetcatalog; path = Assets.xcassets; sourceTree = "<group>"; };
		527FC60024924338004D7087 /* Base */ = {isa = PBXFileReference; lastKnownFileType = file.storyboard; name = Base; path = Base.lproj/LaunchScreen.storyboard; sourceTree = "<group>"; };
		527FC60224924338004D7087 /* Info.plist */ = {isa = PBXFileReference; lastKnownFileType = text.plist.xml; path = Info.plist; sourceTree = "<group>"; };
		6A44BD372768DC19002CB70B /* de */ = {isa = PBXFileReference; lastKnownFileType = text.plist.strings; name = de; path = de.lproj/Main.strings; sourceTree = "<group>"; };
		6A44BD392768DD94002CB70B /* fr */ = {isa = PBXFileReference; lastKnownFileType = text.plist.strings; name = fr; path = fr.lproj/Main.strings; sourceTree = "<group>"; };
		6A67799B275AFC8E001D020D /* EditViewController.swift */ = {isa = PBXFileReference; lastKnownFileType = sourcecode.swift; path = EditViewController.swift; sourceTree = "<group>"; };
/* End PBXFileReference section */

/* Begin PBXFrameworksBuildPhase section */
		527FC5EE24924337004D7087 /* Frameworks */ = {
			isa = PBXFrameworksBuildPhase;
			buildActionMask = 2147483647;
			files = (
			);
			runOnlyForDeploymentPostprocessing = 0;
		};
/* End PBXFrameworksBuildPhase section */

/* Begin PBXGroup section */
		527FC5E824924337004D7087 = {
			isa = PBXGroup;
			children = (
				527FC5F324924338004D7087 /* SimpleDrawingApp */,
				527FC5F224924337004D7087 /* Products */,
			);
			sourceTree = "<group>";
		};
		527FC5F224924337004D7087 /* Products */ = {
			isa = PBXGroup;
			children = (
				527FC5F124924337004D7087 /* SimpleDrawingApp.app */,
			);
			name = Products;
			sourceTree = "<group>";
		};
		527FC5F324924338004D7087 /* SimpleDrawingApp */ = {
			isa = PBXGroup;
			children = (
				527FC5F424924338004D7087 /* AppDelegate.swift */,
				527FC5F624924338004D7087 /* SceneDelegate.swift */,
				527FC5F824924338004D7087 /* ViewController.swift */,
				6A67799B275AFC8E001D020D /* EditViewController.swift */,
				527FC5FA24924338004D7087 /* Main.storyboard */,
				527FC5FD24924338004D7087 /* Assets.xcassets */,
				527FC5FF24924338004D7087 /* LaunchScreen.storyboard */,
				527FC60224924338004D7087 /* Info.plist */,
			);
			path = SimpleDrawingApp;
			sourceTree = "<group>";
		};
/* End PBXGroup section */

/* Begin PBXNativeTarget section */
		527FC5F024924337004D7087 /* SimpleDrawingApp */ = {
			isa = PBXNativeTarget;
			buildConfigurationList = 527FC60524924338004D7087 /* Build configuration list for PBXNativeTarget "SimpleDrawingApp" */;
			buildPhases = (
				527FC5ED24924337004D7087 /* Sources */,
				527FC5EE24924337004D7087 /* Frameworks */,
				527FC5EF24924337004D7087 /* Resources */,
			);
			buildRules = (
			);
			dependencies = (
			);
			name = SimpleDrawingApp;
			productName = SimpleDrawingApp;
			productReference = 527FC5F124924337004D7087 /* SimpleDrawingApp.app */;
			productType = "com.apple.product-type.application";
		};
/* End PBXNativeTarget section */

/* Begin PBXProject section */
		527FC5E924924337004D7087 /* Project object */ = {
			isa = PBXProject;
			attributes = {
				LastSwiftUpdateCheck = 1150;
				LastUpgradeCheck = 1150;
				ORGANIZATIONNAME = "Brian Advent";
				TargetAttributes = {
					527FC5F024924337004D7087 = {
						CreatedOnToolsVersion = 11.5;
					};
				};
			};
			buildConfigurationList = 527FC5EC24924337004D7087 /* Build configuration list for PBXProject "SimpleDrawingApp" */;
			compatibilityVersion = "Xcode 9.3";
			developmentRegion = en;
			hasScannedForEncodings = 0;
			knownRegions = (
				en,
				Base,
				fr,
				de,
			);
			mainGroup = 527FC5E824924337004D7087;
			productRefGroup = 527FC5F224924337004D7087 /* Products */;
			projectDirPath = "";
			projectRoot = "";
			targets = (
				527FC5F024924337004D7087 /* SimpleDrawingApp */,
			);
		};
/* End PBXProject section */

/* Begin PBXResourcesBuildPhase section */
		527FC5EF24924337004D7087 /* Resources */ = {
			isa = PBXResourcesBuildPhase;
			buildActionMask = 2147483647;
			files = (
				527FC60124924338004D7087 /* LaunchScreen.storyboard in Resources */,
				527FC5FE24924338004D7087 /* Assets.xcassets in Resources */,
				527FC5FC24924338004D7087 /* Main.storyboard in Resources */,
			);
			runOnlyForDeploymentPostprocessing = 0;
		};
/* End PBXResourcesBuildPhase section */

/* Begin PBXSourcesBuildPhase section */
		527FC5ED24924337004D7087 /* Sources */ = {
			isa = PBXSourcesBuildPhase;
			buildActionMask = 2147483647;
			files = (
				6A67799C275AFC8E001D020D /* EditViewController.swift in Sources */,
				527FC5F924924338004D7087 /* ViewController.swift in Sources */,
				527FC5F524924338004D7087 /* AppDelegate.swift in Sources */,
				527FC5F724924338004D7087 /* SceneDelegate.swift in Sources */,
			);
			runOnlyForDeploymentPostprocessing = 0;
		};
/* End PBXSourcesBuildPhase section */

/* Begin PBXVariantGroup section */
		527FC5FA24924338004D7087 /* Main.storyboard */ = {
			isa = PBXVariantGroup;
			children = (
				527FC5FB24924338004D7087 /* Base */,
				6A44BD372768DC19002CB70B /* de */,
				6A44BD392768DD94002CB70B /* fr */,
			);
			name = Main.storyboard;
			sourceTree = "<group>";
		};
		527FC5FF24924338004D7087 /* LaunchScreen.storyboard */ = {
			isa = PBXVariantGroup;
			children = (
				527FC60024924338004D7087 /* Base */,
			);
			name = LaunchScreen.storyboard;
			sourceTree = "<group>";
		};
/* End PBXVariantGroup section */

/* Begin XCBuildConfiguration section */
		527FC60324924338004D7087 /* Debug */ = {
			isa = XCBuildConfiguration;
			buildSettings = {
				ALWAYS_SEARCH_USER_PATHS = NO;
				CLANG_ANALYZER_LOCALIZABILITY_NONLOCALIZED = YES;
				CLANG_ANALYZER_NONNULL = YES;
				CLANG_ANALYZER_NUMBER_OBJECT_CONVERSION = YES_AGGRESSIVE;
				CLANG_CXX_LANGUAGE_STANDARD = "gnu++14";
				CLANG_CXX_LIBRARY = "libc++";
				CLANG_ENABLE_MODULES = YES;
				CLANG_ENABLE_OBJC_ARC = YES;
				CLANG_ENABLE_OBJC_WEAK = YES;
				CLANG_WARN_BLOCK_CAPTURE_AUTORELEASING = YES;
				CLANG_WARN_BOOL_CONVERSION = YES;
				CLANG_WARN_COMMA = YES;
				CLANG_WARN_CONSTANT_CONVERSION = YES;
				CLANG_WARN_DEPRECATED_OBJC_IMPLEMENTATIONS = YES;
				CLANG_WARN_DIRECT_OBJC_ISA_USAGE = YES_ERROR;
				CLANG_WARN_DOCUMENTATION_COMMENTS = YES;
				CLANG_WARN_EMPTY_BODY = YES;
				CLANG_WARN_ENUM_CONVERSION = YES;
				CLANG_WARN_INFINITE_RECURSION = YES;
				CLANG_WARN_INT_CONVERSION = YES;
				CLANG_WARN_NON_LITERAL_NULL_CONVERSION = YES;
				CLANG_WARN_OBJC_IMPLICIT_RETAIN_SELF = YES;
				CLANG_WARN_OBJC_LITERAL_CONVERSION = YES;
				CLANG_WARN_OBJC_ROOT_CLASS = YES_ERROR;
				CLANG_WARN_RANGE_LOOP_ANALYSIS = YES;
				CLANG_WARN_STRICT_PROTOTYPES = YES;
				CLANG_WARN_SUSPICIOUS_MOVE = YES;
				CLANG_WARN_UNGUARDED_AVAILABILITY = YES_AGGRESSIVE;
				CLANG_WARN_UNREACHABLE_CODE = YES;
				CLANG_WARN__DUPLICATE_METHOD_MATCH = YES;
				COPY_PHASE_STRIP = NO;
				DEBUG_INFORMATION_FORMAT = dwarf;
				ENABLE_STRICT_OBJC_MSGSEND = YES;
				ENABLE_TESTABILITY = YES;
				GCC_C_LANGUAGE_STANDARD = gnu11;
				GCC_DYNAMIC_NO_PIC = NO;
				GCC_NO_COMMON_BLOCKS = YES;
				GCC_OPTIMIZATION_LEVEL = 0;
				GCC_PREPROCESSOR_DEFINITIONS = (
					"DEBUG=1",
					"$(inherited)",
				);
				GCC_WARN_64_TO_32_BIT_CONVERSION = YES;
				GCC_WARN_ABOUT_RETURN_TYPE = YES_ERROR;
				GCC_WARN_UNDECLARED_SELECTOR = YES;
				GCC_WARN_UNINITIALIZED_AUTOS = YES_AGGRESSIVE;
				GCC_WARN_UNUSED_FUNCTION = YES;
				GCC_WARN_UNUSED_VARIABLE = YES;
				IPHONEOS_DEPLOYMENT_TARGET = 14.0;
				MTL_ENABLE_DEBUG_INFO = INCLUDE_SOURCE;
				MTL_FAST_MATH = YES;
				ONLY_ACTIVE_ARCH = YES;
				SDKROOT = iphoneos;
				SWIFT_ACTIVE_COMPILATION_CONDITIONS = DEBUG;
				SWIFT_OPTIMIZATION_LEVEL = "-Onone";
			};
			name = Debug;
		};
		527FC60424924338004D7087 /* Release */ = {
			isa = XCBuildConfiguration;
			buildSettings = {
				ALWAYS_SEARCH_USER_PATHS = NO;
				CLANG_ANALYZER_LOCALIZABILITY_NONLOCALIZED = YES;
				CLANG_ANALYZER_NONNULL = YES;
				CLANG_ANALYZER_NUMBER_OBJECT_CONVERSION = YES_AGGRESSIVE;
				CLANG_CXX_LANGUAGE_STANDARD = "gnu++14";
				CLANG_CXX_LIBRARY = "libc++";
				CLANG_ENABLE_MODULES = YES;
				CLANG_ENABLE_OBJC_ARC = YES;
				CLANG_ENABLE_OBJC_WEAK = YES;
				CLANG_WARN_BLOCK_CAPTURE_AUTORELEASING = YES;
				CLANG_WARN_BOOL_CONVERSION = YES;
				CLANG_WARN_COMMA = YES;
				CLANG_WARN_CONSTANT_CONVERSION = YES;
				CLANG_WARN_DEPRECATED_OBJC_IMPLEMENTATIONS = YES;
				CLANG_WARN_DIRECT_OBJC_ISA_USAGE = YES_ERROR;
				CLANG_WARN_DOCUMENTATION_COMMENTS = YES;
				CLANG_WARN_EMPTY_BODY = YES;
				CLANG_WARN_ENUM_CONVERSION = YES;
				CLANG_WARN_INFINITE_RECURSION = YES;
				CLANG_WARN_INT_CONVERSION = YES;
				CLANG_WARN_NON_LITERAL_NULL_CONVERSION = YES;
				CLANG_WARN_OBJC_IMPLICIT_RETAIN_SELF = YES;
				CLANG_WARN_OBJC_LITERAL_CONVERSION = YES;
				CLANG_WARN_OBJC_ROOT_CLASS = YES_ERROR;
				CLANG_WARN_RANGE_LOOP_ANALYSIS = YES;
				CLANG_WARN_STRICT_PROTOTYPES = YES;
				CLANG_WARN_SUSPICIOUS_MOVE = YES;
				CLANG_WARN_UNGUARDED_AVAILABILITY = YES_AGGRESSIVE;
				CLANG_WARN_UNREACHABLE_CODE = YES;
				CLANG_WARN__DUPLICATE_METHOD_MATCH = YES;
				COPY_PHASE_STRIP = NO;
				DEBUG_INFORMATION_FORMAT = "dwarf-with-dsym";
				ENABLE_NS_ASSERTIONS = NO;
				ENABLE_STRICT_OBJC_MSGSEND = YES;
				GCC_C_LANGUAGE_STANDARD = gnu11;
				GCC_NO_COMMON_BLOCKS = YES;
				GCC_WARN_64_TO_32_BIT_CONVERSION = YES;
				GCC_WARN_ABOUT_RETURN_TYPE = YES_ERROR;
				GCC_WARN_UNDECLARED_SELECTOR = YES;
				GCC_WARN_UNINITIALIZED_AUTOS = YES_AGGRESSIVE;
				GCC_WARN_UNUSED_FUNCTION = YES;
				GCC_WARN_UNUSED_VARIABLE = YES;
				IPHONEOS_DEPLOYMENT_TARGET = 14.0;
				MTL_ENABLE_DEBUG_INFO = NO;
				MTL_FAST_MATH = YES;
				SDKROOT = iphoneos;
				SWIFT_COMPILATION_MODE = wholemodule;
				SWIFT_OPTIMIZATION_LEVEL = "-O";
				VALIDATE_PRODUCT = YES;
			};
			name = Release;
		};
		527FC60624924338004D7087 /* Debug */ = {
			isa = XCBuildConfiguration;
			buildSettings = {
				ASSETCATALOG_COMPILER_APPICON_NAME = AppIcon;
				CODE_SIGN_STYLE = Automatic;
				CURRENT_PROJECT_VERSION = 1.0.3;
				DEVELOPMENT_TEAM = 637JS3JU7M;
				INFOPLIST_FILE = SimpleDrawingApp/Info.plist;
				IPHONEOS_DEPLOYMENT_TARGET = 14.0;
				LD_RUNPATH_SEARCH_PATHS = (
					"$(inherited)",
					"@executable_path/Frameworks",
				);
				MARKETING_VERSION = 1.0.3;
				PRODUCT_BUNDLE_IDENTIFIER = com.yumiya.memoPaper2;
				PRODUCT_NAME = "$(TARGET_NAME)";
				SWIFT_VERSION = 5.0;
				TARGETED_DEVICE_FAMILY = 1;
			};
			name = Debug;
		};
		527FC60724924338004D7087 /* Release */ = {
			isa = XCBuildConfiguration;
			buildSettings = {
				ASSETCATALOG_COMPILER_APPICON_NAME = AppIcon;
				CODE_SIGN_STYLE = Automatic;
				CURRENT_PROJECT_VERSION = 1.0.3;
				DEVELOPMENT_TEAM = 637JS3JU7M;
				INFOPLIST_FILE = SimpleDrawingApp/Info.plist;
				IPHONEOS_DEPLOYMENT_TARGET = 14.0;
				LD_RUNPATH_SEARCH_PATHS = (
					"$(inherited)",
					"@executable_path/Frameworks",
				);
				MARKETING_VERSION = 1.0.3;
				PRODUCT_BUNDLE_IDENTIFIER = com.yumiya.memoPaper2;
				PRODUCT_NAME = "$(TARGET_NAME)";
				SWIFT_VERSION = 5.0;
				TARGETED_DEVICE_FAMILY = 1;
			};
			name = Release;
		};
/* End XCBuildConfiguration section */

/* Begin XCConfigurationList section */
		527FC5EC24924337004D7087 /* Build configuration list for PBXProject "SimpleDrawingApp" */ = {
			isa = XCConfigurationList;
			buildConfigurations = (
				527FC60324924338004D7087 /* Debug */,
				527FC60424924338004D7087 /* Release */,
			);
			defaultConfigurationIsVisible = 0;
			defaultConfigurationName = Release;
		};
		527FC60524924338004D7087 /* Build configuration list for PBXNativeTarget "SimpleDrawingApp" */ = {
			isa = XCConfigurationList;
			buildConfigurations = (
				527FC60624924338004D7087 /* Debug */,
				527FC60724924338004D7087 /* Release */,
			);
			defaultConfigurationIsVisible = 0;
			defaultConfigurationName = Release;
		};
/* End XCConfigurationList section */
	};
	rootObject = 527FC5E924924337004D7087 /* Project object */;
}
